// !$*UTF8*$!
{
	archiveVersion = 1;
	classes = {
	};
	objectVersion = 46;
	objects = {

/* Begin PBXBuildFile section */
		344385481F21D33C00CEA00E /* main.m in Sources */ = {isa = PBXBuildFile; fileRef = 344385471F21D33C00CEA00E /* main.m */; };
		3443854B1F21D33C00CEA00E /* AppDelegate.m in Sources */ = {isa = PBXBuildFile; fileRef = 3443854A1F21D33C00CEA00E /* AppDelegate.m */; };
		3443854E1F21D33C00CEA00E /* ViewController.m in Sources */ = {isa = PBXBuildFile; fileRef = 3443854D1F21D33C00CEA00E /* ViewController.m */; };
		344385511F21D33C00CEA00E /* Main.storyboard in Resources */ = {isa = PBXBuildFile; fileRef = 3443854F1F21D33C00CEA00E /* Main.storyboard */; };
		344385531F21D33C00CEA00E /* Assets.xcassets in Resources */ = {isa = PBXBuildFile; fileRef = 344385521F21D33C00CEA00E /* Assets.xcassets */; };
		344385561F21D33C00CEA00E /* LaunchScreen.storyboard in Resources */ = {isa = PBXBuildFile; fileRef = 344385541F21D33C00CEA00E /* LaunchScreen.storyboard */; };
		344385611F21D33C00CEA00E /* RSExcelDemoTests.m in Sources */ = {isa = PBXBuildFile; fileRef = 344385601F21D33C00CEA00E /* RSExcelDemoTests.m */; };
		3443856C1F21D33C00CEA00E /* RSExcelDemoUITests.m in Sources */ = {isa = PBXBuildFile; fileRef = 3443856B1F21D33C00CEA00E /* RSExcelDemoUITests.m */; };
		3443857B1F21D4D700CEA00E /* SimpleViewController.m in Sources */ = {isa = PBXBuildFile; fileRef = 3443857A1F21D4D700CEA00E /* SimpleViewController.m */; };
		3443857E1F21D4EF00CEA00E /* StyleViewController.m in Sources */ = {isa = PBXBuildFile; fileRef = 3443857D1F21D4EF00CEA00E /* StyleViewController.m */; };
		344385811F21D4FE00CEA00E /* ComplexViewController.m in Sources */ = {isa = PBXBuildFile; fileRef = 344385801F21D4FE00CEA00E /* ComplexViewController.m */; };
		344385841F21D51200CEA00E /* SectionViewController.m in Sources */ = {isa = PBXBuildFile; fileRef = 344385831F21D51200CEA00E /* SectionViewController.m */; };
		344385871F21D51D00CEA00E /* ActionViewController.m in Sources */ = {isa = PBXBuildFile; fileRef = 344385861F21D51D00CEA00E /* ActionViewController.m */; };
		3443858A1F21D52D00CEA00E /* AutoHightViewController.m in Sources */ = {isa = PBXBuildFile; fileRef = 344385891F21D52D00CEA00E /* AutoHightViewController.m */; };
		3443858F1F21D75900CEA00E /* RSGrid.m in Sources */ = {isa = PBXBuildFile; fileRef = 3443858E1F21D75900CEA00E /* RSGrid.m */; };
		344385921F21D78400CEA00E /* RSLabel.m in Sources */ = {isa = PBXBuildFile; fileRef = 344385911F21D78400CEA00E /* RSLabel.m */; };
		344385951F21D7A100CEA00E /* RSStyle.m in Sources */ = {isa = PBXBuildFile; fileRef = 344385941F21D7A100CEA00E /* RSStyle.m */; };
		3443859B1F21D7E800CEA00E /* RSReportView.m in Sources */ = {isa = PBXBuildFile; fileRef = 3443859A1F21D7E800CEA00E /* RSReportView.m */; };
		3443859E1F21D7FE00CEA00E /* NSIndexPath+RSReport.m in Sources */ = {isa = PBXBuildFile; fileRef = 3443859D1F21D7FE00CEA00E /* NSIndexPath+RSReport.m */; };
		344385A11F21DF1C00CEA00E /* RSStyle+DemoStyle.m in Sources */ = {isa = PBXBuildFile; fileRef = 344385A01F21DF1C00CEA00E /* RSStyle+DemoStyle.m */; };
/* End PBXBuildFile section */

/* Begin PBXContainerItemProxy section */
		3443855D1F21D33C00CEA00E /* PBXContainerItemProxy */ = {
			isa = PBXContainerItemProxy;
			containerPortal = 3443853B1F21D33C00CEA00E /* Project object */;
			proxyType = 1;
			remoteGlobalIDString = 344385421F21D33C00CEA00E;
			remoteInfo = RSExcelDemo;
		};
		344385681F21D33C00CEA00E /* PBXContainerItemProxy */ = {
			isa = PBXContainerItemProxy;
			containerPortal = 3443853B1F21D33C00CEA00E /* Project object */;
			proxyType = 1;
			remoteGlobalIDString = 344385421F21D33C00CEA00E;
			remoteInfo = RSExcelDemo;
		};
/* End PBXContainerItemProxy section */

/* Begin PBXFileReference section */
		344385431F21D33C00CEA00E /* RSExcelDemo.app */ = {isa = PBXFileReference; explicitFileType = wrapper.application; includeInIndex = 0; path = RSExcelDemo.app; sourceTree = BUILT_PRODUCTS_DIR; };
		344385471F21D33C00CEA00E /* main.m */ = {isa = PBXFileReference; lastKnownFileType = sourcecode.c.objc; path = main.m; sourceTree = "<group>"; };
		344385491F21D33C00CEA00E /* AppDelegate.h */ = {isa = PBXFileReference; lastKnownFileType = sourcecode.c.h; path = AppDelegate.h; sourceTree = "<group>"; };
		3443854A1F21D33C00CEA00E /* AppDelegate.m */ = {isa = PBXFileReference; lastKnownFileType = sourcecode.c.objc; path = AppDelegate.m; sourceTree = "<group>"; };
		3443854C1F21D33C00CEA00E /* ViewController.h */ = {isa = PBXFileReference; lastKnownFileType = sourcecode.c.h; path = ViewController.h; sourceTree = "<group>"; };
		3443854D1F21D33C00CEA00E /* ViewController.m */ = {isa = PBXFileReference; lastKnownFileType = sourcecode.c.objc; path = ViewController.m; sourceTree = "<group>"; };
		344385501F21D33C00CEA00E /* Base */ = {isa = PBXFileReference; lastKnownFileType = file.storyboard; name = Base; path = Base.lproj/Main.storyboard; sourceTree = "<group>"; };
		344385521F21D33C00CEA00E /* Assets.xcassets */ = {isa = PBXFileReference; lastKnownFileType = folder.assetcatalog; path = Assets.xcassets; sourceTree = "<group>"; };
		344385551F21D33C00CEA00E /* Base */ = {isa = PBXFileReference; lastKnownFileType = file.storyboard; name = Base; path = Base.lproj/LaunchScreen.storyboard; sourceTree = "<group>"; };
		344385571F21D33C00CEA00E /* Info.plist */ = {isa = PBXFileReference; lastKnownFileType = text.plist.xml; path = Info.plist; sourceTree = "<group>"; };
		3443855C1F21D33C00CEA00E /* RSExcelDemoTests.xctest */ = {isa = PBXFileReference; explicitFileType = wrapper.cfbundle; includeInIndex = 0; path = RSExcelDemoTests.xctest; sourceTree = BUILT_PRODUCTS_DIR; };
		344385601F21D33C00CEA00E /* RSExcelDemoTests.m */ = {isa = PBXFileReference; lastKnownFileType = sourcecode.c.objc; path = RSExcelDemoTests.m; sourceTree = "<group>"; };
		344385621F21D33C00CEA00E /* Info.plist */ = {isa = PBXFileReference; lastKnownFileType = text.plist.xml; path = Info.plist; sourceTree = "<group>"; };
		344385671F21D33C00CEA00E /* RSExcelDemoUITests.xctest */ = {isa = PBXFileReference; explicitFileType = wrapper.cfbundle; includeInIndex = 0; path = RSExcelDemoUITests.xctest; sourceTree = BUILT_PRODUCTS_DIR; };
		3443856B1F21D33C00CEA00E /* RSExcelDemoUITests.m */ = {isa = PBXFileReference; lastKnownFileType = sourcecode.c.objc; path = RSExcelDemoUITests.m; sourceTree = "<group>"; };
		3443856D1F21D33C00CEA00E /* Info.plist */ = {isa = PBXFileReference; lastKnownFileType = text.plist.xml; path = Info.plist; sourceTree = "<group>"; };
		344385791F21D4D700CEA00E /* SimpleViewController.h */ = {isa = PBXFileReference; fileEncoding = 4; lastKnownFileType = sourcecode.c.h; path = SimpleViewController.h; sourceTree = "<group>"; };
		3443857A1F21D4D700CEA00E /* SimpleViewController.m */ = {isa = PBXFileReference; fileEncoding = 4; lastKnownFileType = sourcecode.c.objc; path = SimpleViewController.m; sourceTree = "<group>"; };
		3443857C1F21D4EF00CEA00E /* StyleViewController.h */ = {isa = PBXFileReference; fileEncoding = 4; lastKnownFileType = sourcecode.c.h; path = StyleViewController.h; sourceTree = "<group>"; };
		3443857D1F21D4EF00CEA00E /* StyleViewController.m */ = {isa = PBXFileReference; fileEncoding = 4; lastKnownFileType = sourcecode.c.objc; path = StyleViewController.m; sourceTree = "<group>"; };
		3443857F1F21D4FE00CEA00E /* ComplexViewController.h */ = {isa = PBXFileReference; fileEncoding = 4; lastKnownFileType = sourcecode.c.h; path = ComplexViewController.h; sourceTree = "<group>"; };
		344385801F21D4FE00CEA00E /* ComplexViewController.m */ = {isa = PBXFileReference; fileEncoding = 4; lastKnownFileType = sourcecode.c.objc; path = ComplexViewController.m; sourceTree = "<group>"; };
		344385821F21D51200CEA00E /* SectionViewController.h */ = {isa = PBXFileReference; fileEncoding = 4; lastKnownFileType = sourcecode.c.h; path = SectionViewController.h; sourceTree = "<group>"; };
		344385831F21D51200CEA00E /* SectionViewController.m */ = {isa = PBXFileReference; fileEncoding = 4; lastKnownFileType = sourcecode.c.objc; path = SectionViewController.m; sourceTree = "<group>"; };
		344385851F21D51D00CEA00E /* ActionViewController.h */ = {isa = PBXFileReference; fileEncoding = 4; lastKnownFileType = sourcecode.c.h; path = ActionViewController.h; sourceTree = "<group>"; };
		344385861F21D51D00CEA00E /* ActionViewController.m */ = {isa = PBXFileReference; fileEncoding = 4; lastKnownFileType = sourcecode.c.objc; path = ActionViewController.m; sourceTree = "<group>"; };
		344385881F21D52D00CEA00E /* AutoHightViewController.h */ = {isa = PBXFileReference; fileEncoding = 4; lastKnownFileType = sourcecode.c.h; path = AutoHightViewController.h; sourceTree = "<group>"; };
		344385891F21D52D00CEA00E /* AutoHightViewController.m */ = {isa = PBXFileReference; fileEncoding = 4; lastKnownFileType = sourcecode.c.objc; path = AutoHightViewController.m; sourceTree = "<group>"; };
		3443858C1F21D72C00CEA00E /* RSExcelFile.h */ = {isa = PBXFileReference; lastKnownFileType = sourcecode.c.h; path = RSExcelFile.h; sourceTree = "<group>"; };
		3443858D1F21D75900CEA00E /* RSGrid.h */ = {isa = PBXFileReference; fileEncoding = 4; lastKnownFileType = sourcecode.c.h; path = RSGrid.h; sourceTree = "<group>"; };
		3443858E1F21D75900CEA00E /* RSGrid.m */ = {isa = PBXFileReference; fileEncoding = 4; lastKnownFileType = sourcecode.c.objc; path = RSGrid.m; sourceTree = "<group>"; };
		344385901F21D78400CEA00E /* RSLabel.h */ = {isa = PBXFileReference; fileEncoding = 4; lastKnownFileType = sourcecode.c.h; path = RSLabel.h; sourceTree = "<group>"; };
		344385911F21D78400CEA00E /* RSLabel.m */ = {isa = PBXFileReference; fileEncoding = 4; lastKnownFileType = sourcecode.c.objc; path = RSLabel.m; sourceTree = "<group>"; };
		344385931F21D7A100CEA00E /* RSStyle.h */ = {isa = PBXFileReference; fileEncoding = 4; lastKnownFileType = sourcecode.c.h; path = RSStyle.h; sourceTree = "<group>"; };
		344385941F21D7A100CEA00E /* RSStyle.m */ = {isa = PBXFileReference; fileEncoding = 4; lastKnownFileType = sourcecode.c.objc; path = RSStyle.m; sourceTree = "<group>"; };
		344385991F21D7E800CEA00E /* RSReportView.h */ = {isa = PBXFileReference; fileEncoding = 4; lastKnownFileType = sourcecode.c.h; path = RSReportView.h; sourceTree = "<group>"; };
		3443859A1F21D7E800CEA00E /* RSReportView.m */ = {isa = PBXFileReference; fileEncoding = 4; lastKnownFileType = sourcecode.c.objc; path = RSReportView.m; sourceTree = "<group>"; };
		3443859C1F21D7FE00CEA00E /* NSIndexPath+RSReport.h */ = {isa = PBXFileReference; fileEncoding = 4; lastKnownFileType = sourcecode.c.h; path = "NSIndexPath+RSReport.h"; sourceTree = "<group>"; };
		3443859D1F21D7FE00CEA00E /* NSIndexPath+RSReport.m */ = {isa = PBXFileReference; fileEncoding = 4; lastKnownFileType = sourcecode.c.objc; path = "NSIndexPath+RSReport.m"; sourceTree = "<group>"; };
		3443859F1F21DF1C00CEA00E /* RSStyle+DemoStyle.h */ = {isa = PBXFileReference; fileEncoding = 4; lastKnownFileType = sourcecode.c.h; path = "RSStyle+DemoStyle.h"; sourceTree = "<group>"; };
		344385A01F21DF1C00CEA00E /* RSStyle+DemoStyle.m */ = {isa = PBXFileReference; fileEncoding = 4; lastKnownFileType = sourcecode.c.objc; path = "RSStyle+DemoStyle.m"; sourceTree = "<group>"; };
/* End PBXFileReference section */

/* Begin PBXFrameworksBuildPhase section */
		344385401F21D33C00CEA00E /* Frameworks */ = {
			isa = PBXFrameworksBuildPhase;
			buildActionMask = 2147483647;
			files = (
			);
			runOnlyForDeploymentPostprocessing = 0;
		};
		344385591F21D33C00CEA00E /* Frameworks */ = {
			isa = PBXFrameworksBuildPhase;
			buildActionMask = 2147483647;
			files = (
			);
			runOnlyForDeploymentPostprocessing = 0;
		};
		344385641F21D33C00CEA00E /* Frameworks */ = {
			isa = PBXFrameworksBuildPhase;
			buildActionMask = 2147483647;
			files = (
			);
			runOnlyForDeploymentPostprocessing = 0;
		};
/* End PBXFrameworksBuildPhase section */

/* Begin PBXGroup section */
		3443853A1F21D33C00CEA00E = {
			isa = PBXGroup;
			children = (
				344385451F21D33C00CEA00E /* RSExcelDemo */,
				3443855F1F21D33C00CEA00E /* RSExcelDemoTests */,
				3443856A1F21D33C00CEA00E /* RSExcelDemoUITests */,
				344385441F21D33C00CEA00E /* Products */,
			);
			sourceTree = "<group>";
		};
		344385441F21D33C00CEA00E /* Products */ = {
			isa = PBXGroup;
			children = (
				344385431F21D33C00CEA00E /* RSExcelDemo.app */,
				3443855C1F21D33C00CEA00E /* RSExcelDemoTests.xctest */,
				344385671F21D33C00CEA00E /* RSExcelDemoUITests.xctest */,
			);
			name = Products;
			sourceTree = "<group>";
		};
		344385451F21D33C00CEA00E /* RSExcelDemo */ = {
			isa = PBXGroup;
			children = (
				3443858B1F21D6FF00CEA00E /* RSExcel */,
				344385491F21D33C00CEA00E /* AppDelegate.h */,
				3443854A1F21D33C00CEA00E /* AppDelegate.m */,
				3443854C1F21D33C00CEA00E /* ViewController.h */,
				3443854D1F21D33C00CEA00E /* ViewController.m */,
				344385791F21D4D700CEA00E /* SimpleViewController.h */,
				3443857A1F21D4D700CEA00E /* SimpleViewController.m */,
				3443857C1F21D4EF00CEA00E /* StyleViewController.h */,
				3443857D1F21D4EF00CEA00E /* StyleViewController.m */,
				3443859F1F21DF1C00CEA00E /* RSStyle+DemoStyle.h */,
				344385A01F21DF1C00CEA00E /* RSStyle+DemoStyle.m */,
				3443857F1F21D4FE00CEA00E /* ComplexViewController.h */,
				344385801F21D4FE00CEA00E /* ComplexViewController.m */,
				344385821F21D51200CEA00E /* SectionViewController.h */,
				344385831F21D51200CEA00E /* SectionViewController.m */,
				344385851F21D51D00CEA00E /* ActionViewController.h */,
				344385861F21D51D00CEA00E /* ActionViewController.m */,
				344385881F21D52D00CEA00E /* AutoHightViewController.h */,
				344385891F21D52D00CEA00E /* AutoHightViewController.m */,
				3443854F1F21D33C00CEA00E /* Main.storyboard */,
				344385521F21D33C00CEA00E /* Assets.xcassets */,
				344385541F21D33C00CEA00E /* LaunchScreen.storyboard */,
				344385571F21D33C00CEA00E /* Info.plist */,
				344385461F21D33C00CEA00E /* Supporting Files */,
			);
			path = RSExcelDemo;
			sourceTree = "<group>";
		};
		344385461F21D33C00CEA00E /* Supporting Files */ = {
			isa = PBXGroup;
			children = (
				344385471F21D33C00CEA00E /* main.m */,
			);
			name = "Supporting Files";
			sourceTree = "<group>";
		};
		3443855F1F21D33C00CEA00E /* RSExcelDemoTests */ = {
			isa = PBXGroup;
			children = (
				344385601F21D33C00CEA00E /* RSExcelDemoTests.m */,
				344385621F21D33C00CEA00E /* Info.plist */,
			);
			path = RSExcelDemoTests;
			sourceTree = "<group>";
		};
		3443856A1F21D33C00CEA00E /* RSExcelDemoUITests */ = {
			isa = PBXGroup;
			children = (
				3443856B1F21D33C00CEA00E /* RSExcelDemoUITests.m */,
				3443856D1F21D33C00CEA00E /* Info.plist */,
			);
			path = RSExcelDemoUITests;
			sourceTree = "<group>";
		};
		3443858B1F21D6FF00CEA00E /* RSExcel */ = {
			isa = PBXGroup;
			children = (
				3443858C1F21D72C00CEA00E /* RSExcelFile.h */,
				3443858D1F21D75900CEA00E /* RSGrid.h */,
				3443858E1F21D75900CEA00E /* RSGrid.m */,
				344385901F21D78400CEA00E /* RSLabel.h */,
				344385911F21D78400CEA00E /* RSLabel.m */,
				344385931F21D7A100CEA00E /* RSStyle.h */,
				344385941F21D7A100CEA00E /* RSStyle.m */,
				344385991F21D7E800CEA00E /* RSReportView.h */,
				3443859A1F21D7E800CEA00E /* RSReportView.m */,
				3443859C1F21D7FE00CEA00E /* NSIndexPath+RSReport.h */,
				3443859D1F21D7FE00CEA00E /* NSIndexPath+RSReport.m */,
			);
			path = RSExcel;
			sourceTree = "<group>";
		};
/* End PBXGroup section */

/* Begin PBXNativeTarget section */
		344385421F21D33C00CEA00E /* RSExcelDemo */ = {
			isa = PBXNativeTarget;
			buildConfigurationList = 344385701F21D33C00CEA00E /* Build configuration list for PBXNativeTarget "RSExcelDemo" */;
			buildPhases = (
				3443853F1F21D33C00CEA00E /* Sources */,
				344385401F21D33C00CEA00E /* Frameworks */,
				344385411F21D33C00CEA00E /* Resources */,
			);
			buildRules = (
			);
			dependencies = (
			);
			name = RSExcelDemo;
			productName = RSExcelDemo;
			productReference = 344385431F21D33C00CEA00E /* RSExcelDemo.app */;
			productType = "com.apple.product-type.application";
		};
		3443855B1F21D33C00CEA00E /* RSExcelDemoTests */ = {
			isa = PBXNativeTarget;
			buildConfigurationList = 344385731F21D33C00CEA00E /* Build configuration list for PBXNativeTarget "RSExcelDemoTests" */;
			buildPhases = (
				344385581F21D33C00CEA00E /* Sources */,
				344385591F21D33C00CEA00E /* Frameworks */,
				3443855A1F21D33C00CEA00E /* Resources */,
			);
			buildRules = (
			);
			dependencies = (
				3443855E1F21D33C00CEA00E /* PBXTargetDependency */,
			);
			name = RSExcelDemoTests;
			productName = RSExcelDemoTests;
			productReference = 3443855C1F21D33C00CEA00E /* RSExcelDemoTests.xctest */;
			productType = "com.apple.product-type.bundle.unit-test";
		};
		344385661F21D33C00CEA00E /* RSExcelDemoUITests */ = {
			isa = PBXNativeTarget;
			buildConfigurationList = 344385761F21D33C00CEA00E /* Build configuration list for PBXNativeTarget "RSExcelDemoUITests" */;
			buildPhases = (
				344385631F21D33C00CEA00E /* Sources */,
				344385641F21D33C00CEA00E /* Frameworks */,
				344385651F21D33C00CEA00E /* Resources */,
			);
			buildRules = (
			);
			dependencies = (
				344385691F21D33C00CEA00E /* PBXTargetDependency */,
			);
			name = RSExcelDemoUITests;
			productName = RSExcelDemoUITests;
			productReference = 344385671F21D33C00CEA00E /* RSExcelDemoUITests.xctest */;
			productType = "com.apple.product-type.bundle.ui-testing";
		};
/* End PBXNativeTarget section */

/* Begin PBXProject section */
		3443853B1F21D33C00CEA00E /* Project object */ = {
			isa = PBXProject;
			attributes = {
				LastUpgradeCheck = 0830;
				ORGANIZATIONNAME = StevenXie;
				TargetAttributes = {
					344385421F21D33C00CEA00E = {
						CreatedOnToolsVersion = 8.3;
						DevelopmentTeam = 7QT42R489Z;
						ProvisioningStyle = Automatic;
					};
					3443855B1F21D33C00CEA00E = {
						CreatedOnToolsVersion = 8.3;
						ProvisioningStyle = Automatic;
						TestTargetID = 344385421F21D33C00CEA00E;
					};
					344385661F21D33C00CEA00E = {
						CreatedOnToolsVersion = 8.3;
						ProvisioningStyle = Automatic;
						TestTargetID = 344385421F21D33C00CEA00E;
					};
				};
			};
			buildConfigurationList = 3443853E1F21D33C00CEA00E /* Build configuration list for PBXProject "RSExcelDemo" */;
			compatibilityVersion = "Xcode 3.2";
			developmentRegion = English;
			hasScannedForEncodings = 0;
			knownRegions = (
				en,
				Base,
			);
			mainGroup = 3443853A1F21D33C00CEA00E;
			productRefGroup = 344385441F21D33C00CEA00E /* Products */;
			projectDirPath = "";
			projectRoot = "";
			targets = (
				344385421F21D33C00CEA00E /* RSExcelDemo */,
				3443855B1F21D33C00CEA00E /* RSExcelDemoTests */,
				344385661F21D33C00CEA00E /* RSExcelDemoUITests */,
			);
		};
/* End PBXProject section */

/* Begin PBXResourcesBuildPhase section */
		344385411F21D33C00CEA00E /* Resources */ = {
			isa = PBXResourcesBuildPhase;
			buildActionMask = 2147483647;
			files = (
				344385561F21D33C00CEA00E /* LaunchScreen.storyboard in Resources */,
				344385531F21D33C00CEA00E /* Assets.xcassets in Resources */,
				344385511F21D33C00CEA00E /* Main.storyboard in Resources */,
			);
			runOnlyForDeploymentPostprocessing = 0;
		};
		3443855A1F21D33C00CEA00E /* Resources */ = {
			isa = PBXResourcesBuildPhase;
			buildActionMask = 2147483647;
			files = (
			);
			runOnlyForDeploymentPostprocessing = 0;
		};
		344385651F21D33C00CEA00E /* Resources */ = {
			isa = PBXResourcesBuildPhase;
			buildActionMask = 2147483647;
			files = (
			);
			runOnlyForDeploymentPostprocessing = 0;
		};
/* End PBXResourcesBuildPhase section */

/* Begin PBXSourcesBuildPhase section */
		3443853F1F21D33C00CEA00E /* Sources */ = {
			isa = PBXSourcesBuildPhase;
			buildActionMask = 2147483647;
			files = (
				3443854E1F21D33C00CEA00E /* ViewController.m in Sources */,
				3443859E1F21D7FE00CEA00E /* NSIndexPath+RSReport.m in Sources */,
				344385811F21D4FE00CEA00E /* ComplexViewController.m in Sources */,
				344385951F21D7A100CEA00E /* RSStyle.m in Sources */,
				3443859B1F21D7E800CEA00E /* RSReportView.m in Sources */,
				3443854B1F21D33C00CEA00E /* AppDelegate.m in Sources */,
				3443858A1F21D52D00CEA00E /* AutoHightViewController.m in Sources */,
				344385921F21D78400CEA00E /* RSLabel.m in Sources */,
				3443857B1F21D4D700CEA00E /* SimpleViewController.m in Sources */,
				344385841F21D51200CEA00E /* SectionViewController.m in Sources */,
				3443858F1F21D75900CEA00E /* RSGrid.m in Sources */,
				3443857E1F21D4EF00CEA00E /* StyleViewController.m in Sources */,
				344385A11F21DF1C00CEA00E /* RSStyle+DemoStyle.m in Sources */,
				344385871F21D51D00CEA00E /* ActionViewController.m in Sources */,
				344385481F21D33C00CEA00E /* main.m in Sources */,
			);
			runOnlyForDeploymentPostprocessing = 0;
		};
		344385581F21D33C00CEA00E /* Sources */ = {
			isa = PBXSourcesBuildPhase;
			buildActionMask = 2147483647;
			files = (
				344385611F21D33C00CEA00E /* RSExcelDemoTests.m in Sources */,
			);
			runOnlyForDeploymentPostprocessing = 0;
		};
		344385631F21D33C00CEA00E /* Sources */ = {
			isa = PBXSourcesBuildPhase;
			buildActionMask = 2147483647;
			files = (
				3443856C1F21D33C00CEA00E /* RSExcelDemoUITests.m in Sources */,
			);
			runOnlyForDeploymentPostprocessing = 0;
		};
/* End PBXSourcesBuildPhase section */

/* Begin PBXTargetDependency section */
		3443855E1F21D33C00CEA00E /* PBXTargetDependency */ = {
			isa = PBXTargetDependency;
			target = 344385421F21D33C00CEA00E /* RSExcelDemo */;
			targetProxy = 3443855D1F21D33C00CEA00E /* PBXContainerItemProxy */;
		};
		344385691F21D33C00CEA00E /* PBXTargetDependency */ = {
			isa = PBXTargetDependency;
			target = 344385421F21D33C00CEA00E /* RSExcelDemo */;
			targetProxy = 344385681F21D33C00CEA00E /* PBXContainerItemProxy */;
		};
/* End PBXTargetDependency section */

/* Begin PBXVariantGroup section */
		3443854F1F21D33C00CEA00E /* Main.storyboard */ = {
			isa = PBXVariantGroup;
			children = (
				344385501F21D33C00CEA00E /* Base */,
			);
			name = Main.storyboard;
			sourceTree = "<group>";
		};
		344385541F21D33C00CEA00E /* LaunchScreen.storyboard */ = {
			isa = PBXVariantGroup;
			children = (
				344385551F21D33C00CEA00E /* Base */,
			);
			name = LaunchScreen.storyboard;
			sourceTree = "<group>";
		};
/* End PBXVariantGroup section */

/* Begin XCBuildConfiguration section */
		3443856E1F21D33C00CEA00E /* Debug */ = {
			isa = XCBuildConfiguration;
			buildSettings = {
				ALWAYS_SEARCH_USER_PATHS = NO;
				CLANG_ANALYZER_NONNULL = YES;
				CLANG_ANALYZER_NUMBER_OBJECT_CONVERSION = YES_AGGRESSIVE;
				CLANG_CXX_LANGUAGE_STANDARD = "gnu++0x";
				CLANG_CXX_LIBRARY = "libc++";
				CLANG_ENABLE_MODULES = YES;
				CLANG_ENABLE_OBJC_ARC = YES;
				CLANG_WARN_BOOL_CONVERSION = YES;
				CLANG_WARN_CONSTANT_CONVERSION = YES;
				CLANG_WARN_DIRECT_OBJC_ISA_USAGE = YES_ERROR;
				CLANG_WARN_DOCUMENTATION_COMMENTS = YES;
				CLANG_WARN_EMPTY_BODY = YES;
				CLANG_WARN_ENUM_CONVERSION = YES;
				CLANG_WARN_INFINITE_RECURSION = YES;
				CLANG_WARN_INT_CONVERSION = YES;
				CLANG_WARN_OBJC_ROOT_CLASS = YES_ERROR;
				CLANG_WARN_SUSPICIOUS_MOVE = YES;
				CLANG_WARN_UNREACHABLE_CODE = YES;
				CLANG_WARN__DUPLICATE_METHOD_MATCH = YES;
				"CODE_SIGN_IDENTITY[sdk=iphoneos*]" = "iPhone Developer";
				COPY_PHASE_STRIP = NO;
				DEBUG_INFORMATION_FORMAT = dwarf;
				ENABLE_STRICT_OBJC_MSGSEND = YES;
				ENABLE_TESTABILITY = YES;
				GCC_C_LANGUAGE_STANDARD = gnu99;
				GCC_DYNAMIC_NO_PIC = NO;
				GCC_NO_COMMON_BLOCKS = YES;
				GCC_OPTIMIZATION_LEVEL = 0;
				GCC_PREPROCESSOR_DEFINITIONS = (
					"DEBUG=1",
					"$(inherited)",
				);
				GCC_WARN_64_TO_32_BIT_CONVERSION = YES;
				GCC_WARN_ABOUT_RETURN_TYPE = YES_ERROR;
				GCC_WARN_UNDECLARED_SELECTOR = YES;
				GCC_WARN_UNINITIALIZED_AUTOS = YES_AGGRESSIVE;
				GCC_WARN_UNUSED_FUNCTION = YES;
				GCC_WARN_UNUSED_VARIABLE = YES;
				IPHONEOS_DEPLOYMENT_TARGET = 10.3;
				MTL_ENABLE_DEBUG_INFO = YES;
				ONLY_ACTIVE_ARCH = YES;
				SDKROOT = iphoneos;
			};
			name = Debug;
		};
		3443856F1F21D33C00CEA00E /* Release */ = {
			isa = XCBuildConfiguration;
			buildSettings = {
				ALWAYS_SEARCH_USER_PATHS = NO;
				CLANG_ANALYZER_NONNULL = YES;
				CLANG_ANALYZER_NUMBER_OBJECT_CONVERSION = YES_AGGRESSIVE;
				CLANG_CXX_LANGUAGE_STANDARD = "gnu++0x";
				CLANG_CXX_LIBRARY = "libc++";
				CLANG_ENABLE_MODULES = YES;
				CLANG_ENABLE_OBJC_ARC = YES;
				CLANG_WARN_BOOL_CONVERSION = YES;
				CLANG_WARN_CONSTANT_CONVERSION = YES;
				CLANG_WARN_DIRECT_OBJC_ISA_USAGE = YES_ERROR;
				CLANG_WARN_DOCUMENTATION_COMMENTS = YES;
				CLANG_WARN_EMPTY_BODY = YES;
				CLANG_WARN_ENUM_CONVERSION = YES;
				CLANG_WARN_INFINITE_RECURSION = YES;
				CLANG_WARN_INT_CONVERSION = YES;
				CLANG_WARN_OBJC_ROOT_CLASS = YES_ERROR;
				CLANG_WARN_SUSPICIOUS_MOVE = YES;
				CLANG_WARN_UNREACHABLE_CODE = YES;
				CLANG_WARN__DUPLICATE_METHOD_MATCH = YES;
				"CODE_SIGN_IDENTITY[sdk=iphoneos*]" = "iPhone Developer";
				COPY_PHASE_STRIP = NO;
				DEBUG_INFORMATION_FORMAT = "dwarf-with-dsym";
				ENABLE_NS_ASSERTIONS = NO;
				ENABLE_STRICT_OBJC_MSGSEND = YES;
				GCC_C_LANGUAGE_STANDARD = gnu99;
				GCC_NO_COMMON_BLOCKS = YES;
				GCC_WARN_64_TO_32_BIT_CONVERSION = YES;
				GCC_WARN_ABOUT_RETURN_TYPE = YES_ERROR;
				GCC_WARN_UNDECLARED_SELECTOR = YES;
				GCC_WARN_UNINITIALIZED_AUTOS = YES_AGGRESSIVE;
				GCC_WARN_UNUSED_FUNCTION = YES;
				GCC_WARN_UNUSED_VARIABLE = YES;
				IPHONEOS_DEPLOYMENT_TARGET = 10.3;
				MTL_ENABLE_DEBUG_INFO = NO;
				SDKROOT = iphoneos;
				VALIDATE_PRODUCT = YES;
			};
			name = Release;
		};
		344385711F21D33C00CEA00E /* Debug */ = {
			isa = XCBuildConfiguration;
			buildSettings = {
				ASSETCATALOG_COMPILER_APPICON_NAME = AppIcon;
				ASSETCATALOG_COMPILER_LAUNCHIMAGE_NAME = LaunchImage;
				DEVELOPMENT_TEAM = 7QT42R489Z;
				INFOPLIST_FILE = RSExcelDemo/Info.plist;
				LD_RUNPATH_SEARCH_PATHS = "$(inherited) @executable_path/Frameworks";
				PRODUCT_BUNDLE_IDENTIFIER = R.S.RSExcelDemo;
				PRODUCT_NAME = "$(TARGET_NAME)";
			};
			name = Debug;
		};
		344385721F21D33C00CEA00E /* Release */ = {
			isa = XCBuildConfiguration;
			buildSettings = {
				ASSETCATALOG_COMPILER_APPICON_NAME = AppIcon;
				ASSETCATALOG_COMPILER_LAUNCHIMAGE_NAME = LaunchImage;
				DEVELOPMENT_TEAM = 7QT42R489Z;
				INFOPLIST_FILE = RSExcelDemo/Info.plist;
				LD_RUNPATH_SEARCH_PATHS = "$(inherited) @executable_path/Frameworks";
				PRODUCT_BUNDLE_IDENTIFIER = R.S.RSExcelDemo;
				PRODUCT_NAME = "$(TARGET_NAME)";
			};
			name = Release;
		};
		344385741F21D33C00CEA00E /* Debug */ = {
			isa = XCBuildConfiguration;
			buildSettings = {
				BUNDLE_LOADER = "$(TEST_HOST)";
				INFOPLIST_FILE = RSExcelDemoTests/Info.plist;
				LD_RUNPATH_SEARCH_PATHS = "$(inherited) @executable_path/Frameworks @loader_path/Frameworks";
				PRODUCT_BUNDLE_IDENTIFIER = R.S.RSExcelDemoTests;
				PRODUCT_NAME = "$(TARGET_NAME)";
				TEST_HOST = "$(BUILT_PRODUCTS_DIR)/RSExcelDemo.app/RSExcelDemo";
			};
			name = Debug;
		};
		344385751F21D33C00CEA00E /* Release */ = {
			isa = XCBuildConfiguration;
			buildSettings = {
				BUNDLE_LOADER = "$(TEST_HOST)";
				INFOPLIST_FILE = RSExcelDemoTests/Info.plist;
				LD_RUNPATH_SEARCH_PATHS = "$(inherited) @executable_path/Frameworks @loader_path/Frameworks";
				PRODUCT_BUNDLE_IDENTIFIER = R.S.RSExcelDemoTests;
				PRODUCT_NAME = "$(TARGET_NAME)";
				TEST_HOST = "$(BUILT_PRODUCTS_DIR)/RSExcelDemo.app/RSExcelDemo";
			};
			name = Release;
		};
		344385771F21D33C00CEA00E /* Debug */ = {
			isa = XCBuildConfiguration;
			buildSettings = {
				INFOPLIST_FILE = RSExcelDemoUITests/Info.plist;
				LD_RUNPATH_SEARCH_PATHS = "$(inherited) @executable_path/Frameworks @loader_path/Frameworks";
				PRODUCT_BUNDLE_IDENTIFIER = R.S.RSExcelDemoUITests;
				PRODUCT_NAME = "$(TARGET_NAME)";
				TEST_TARGET_NAME = RSExcelDemo;
			};
			name = Debug;
		};
		344385781F21D33C00CEA00E /* Release */ = {
			isa = XCBuildConfiguration;
			buildSettings = {
				INFOPLIST_FILE = RSExcelDemoUITests/Info.plist;
				LD_RUNPATH_SEARCH_PATHS = "$(inherited) @executable_path/Frameworks @loader_path/Frameworks";
				PRODUCT_BUNDLE_IDENTIFIER = R.S.RSExcelDemoUITests;
				PRODUCT_NAME = "$(TARGET_NAME)";
				TEST_TARGET_NAME = RSExcelDemo;
			};
			name = Release;
		};
/* End XCBuildConfiguration section */

/* Begin XCConfigurationList section */
		3443853E1F21D33C00CEA00E /* Build configuration list for PBXProject "RSExcelDemo" */ = {
			isa = XCConfigurationList;
			buildConfigurations = (
				3443856E1F21D33C00CEA00E /* Debug */,
				3443856F1F21D33C00CEA00E /* Release */,
			);
			defaultConfigurationIsVisible = 0;
			defaultConfigurationName = Release;
		};
		344385701F21D33C00CEA00E /* Build configuration list for PBXNativeTarget "RSExcelDemo" */ = {
			isa = XCConfigurationList;
			buildConfigurations = (
				344385711F21D33C00CEA00E /* Debug */,
				344385721F21D33C00CEA00E /* Release */,
			);
			defaultConfigurationIsVisible = 0;
		};
		344385731F21D33C00CEA00E /* Build configuration list for PBXNativeTarget "RSExcelDemoTests" */ = {
			isa = XCConfigurationList;
			buildConfigurations = (
				344385741F21D33C00CEA00E /* Debug */,
				344385751F21D33C00CEA00E /* Release */,
			);
			defaultConfigurationIsVisible = 0;
		};
		344385761F21D33C00CEA00E /* Build configuration list for PBXNativeTarget "RSExcelDemoUITests" */ = {
			isa = XCConfigurationList;
			buildConfigurations = (
				344385771F21D33C00CEA00E /* Debug */,
				344385781F21D33C00CEA00E /* Release */,
			);
			defaultConfigurationIsVisible = 0;
		};
/* End XCConfigurationList section */
	};
	rootObject = 3443853B1F21D33C00CEA00E /* Project object */;
}
